// !$*UTF8*$!
{
	archiveVersion = 1;
	classes = {
	};
	objectVersion = 56;
	objects = {

/* Begin PBXBuildFile section */
		0770F9B629F7B1180096BCAE /* MarketCollectionViewCell.swift in Sources */ = {isa = PBXBuildFile; fileRef = 0770F9B429F7B1180096BCAE /* MarketCollectionViewCell.swift */; };
		0770F9B729F7B1180096BCAE /* MarketCollectionViewCell.xib in Resources */ = {isa = PBXBuildFile; fileRef = 0770F9B529F7B1180096BCAE /* MarketCollectionViewCell.xib */; };
		0770F9B929F7DFA60096BCAE /* WebKitViewController.swift in Sources */ = {isa = PBXBuildFile; fileRef = 0770F9B829F7DFA60096BCAE /* WebKitViewController.swift */; };
		0770F9BB29F7EC150096BCAE /* AuctionTimeViewController.swift in Sources */ = {isa = PBXBuildFile; fileRef = 0770F9BA29F7EC150096BCAE /* AuctionTimeViewController.swift */; };
		0770F9BD29F90EBB0096BCAE /* ThisWeekResponse.swift in Sources */ = {isa = PBXBuildFile; fileRef = 0770F9BC29F90EBB0096BCAE /* ThisWeekResponse.swift */; };
		0772430B29EEA80700BC9FB0 /* DetailInfoViewController.swift in Sources */ = {isa = PBXBuildFile; fileRef = 0772430A29EEA80700BC9FB0 /* DetailInfoViewController.swift */; };
		07B4C65429EE805300E09E24 /* AppDelegate.swift in Sources */ = {isa = PBXBuildFile; fileRef = 07B4C65329EE805300E09E24 /* AppDelegate.swift */; };
		07B4C65629EE805300E09E24 /* SceneDelegate.swift in Sources */ = {isa = PBXBuildFile; fileRef = 07B4C65529EE805300E09E24 /* SceneDelegate.swift */; };
		07B4C65829EE805300E09E24 /* MainTabViewController.swift in Sources */ = {isa = PBXBuildFile; fileRef = 07B4C65729EE805300E09E24 /* MainTabViewController.swift */; };
		07B4C65B29EE805300E09E24 /* Main.storyboard in Resources */ = {isa = PBXBuildFile; fileRef = 07B4C65929EE805300E09E24 /* Main.storyboard */; };
		07B4C65E29EE805300E09E24 /* farm2Seoul_frontend_ios.xcdatamodeld in Sources */ = {isa = PBXBuildFile; fileRef = 07B4C65C29EE805300E09E24 /* farm2Seoul_frontend_ios.xcdatamodeld */; };
		07B4C66029EE805300E09E24 /* Assets.xcassets in Resources */ = {isa = PBXBuildFile; fileRef = 07B4C65F29EE805300E09E24 /* Assets.xcassets */; };
		07B4C66329EE805300E09E24 /* LaunchScreen.storyboard in Resources */ = {isa = PBXBuildFile; fileRef = 07B4C66129EE805300E09E24 /* LaunchScreen.storyboard */; };
		07B4C66B29EE83D200E09E24 /* DailyAuctionViewController.swift in Sources */ = {isa = PBXBuildFile; fileRef = 07B4C66A29EE83D200E09E24 /* DailyAuctionViewController.swift */; };
		07B4C66D29EE842E00E09E24 /* InfoBoardViewController.swift in Sources */ = {isa = PBXBuildFile; fileRef = 07B4C66C29EE842E00E09E24 /* InfoBoardViewController.swift */; };
		07B4C66F29EE845B00E09E24 /* BookmarkViewController.swift in Sources */ = {isa = PBXBuildFile; fileRef = 07B4C66E29EE845B00E09E24 /* BookmarkViewController.swift */; };
		07F4E85029EFBFD700A70F2B /* DailyAuctionResponse.swift in Sources */ = {isa = PBXBuildFile; fileRef = 07F4E84F29EFBFD700A70F2B /* DailyAuctionResponse.swift */; };
		07F4E85329EFC22400A70F2B /* DailyAuctionCollectionViewCell.swift in Sources */ = {isa = PBXBuildFile; fileRef = 07F4E85129EFC22400A70F2B /* DailyAuctionCollectionViewCell.swift */; };
		07F4E85429EFC22400A70F2B /* DailyAuctionCollectionViewCell.xib in Resources */ = {isa = PBXBuildFile; fileRef = 07F4E85229EFC22400A70F2B /* DailyAuctionCollectionViewCell.xib */; };
		07F4E85629EFF8FD00A70F2B /* TODOLIST.swift in Sources */ = {isa = PBXBuildFile; fileRef = 07F4E85529EFF8FD00A70F2B /* TODOLIST.swift */; };
		8ED956544212C8D4D97D41D4 /* Pods_farm2Seoul_frontend_ios.framework in Frameworks */ = {isa = PBXBuildFile; fileRef = ED92C44E9F23F1013A5BC3DB /* Pods_farm2Seoul_frontend_ios.framework */; };
/* End PBXBuildFile section */

/* Begin PBXFileReference section */
		0770F9B429F7B1180096BCAE /* MarketCollectionViewCell.swift */ = {isa = PBXFileReference; lastKnownFileType = sourcecode.swift; path = MarketCollectionViewCell.swift; sourceTree = "<group>"; };
		0770F9B529F7B1180096BCAE /* MarketCollectionViewCell.xib */ = {isa = PBXFileReference; lastKnownFileType = file.xib; path = MarketCollectionViewCell.xib; sourceTree = "<group>"; };
		0770F9B829F7DFA60096BCAE /* WebKitViewController.swift */ = {isa = PBXFileReference; lastKnownFileType = sourcecode.swift; path = WebKitViewController.swift; sourceTree = "<group>"; };
		0770F9BA29F7EC150096BCAE /* AuctionTimeViewController.swift */ = {isa = PBXFileReference; lastKnownFileType = sourcecode.swift; path = AuctionTimeViewController.swift; sourceTree = "<group>"; };
		0770F9BC29F90EBB0096BCAE /* ThisWeekResponse.swift */ = {isa = PBXFileReference; lastKnownFileType = sourcecode.swift; path = ThisWeekResponse.swift; sourceTree = "<group>"; };
		0772430A29EEA80700BC9FB0 /* DetailInfoViewController.swift */ = {isa = PBXFileReference; lastKnownFileType = sourcecode.swift; path = DetailInfoViewController.swift; sourceTree = "<group>"; };
		07B4C65029EE805300E09E24 /* farm2Seoul-frontend-ios.app */ = {isa = PBXFileReference; explicitFileType = wrapper.application; includeInIndex = 0; path = "farm2Seoul-frontend-ios.app"; sourceTree = BUILT_PRODUCTS_DIR; };
		07B4C65329EE805300E09E24 /* AppDelegate.swift */ = {isa = PBXFileReference; lastKnownFileType = sourcecode.swift; path = AppDelegate.swift; sourceTree = "<group>"; };
		07B4C65529EE805300E09E24 /* SceneDelegate.swift */ = {isa = PBXFileReference; lastKnownFileType = sourcecode.swift; path = SceneDelegate.swift; sourceTree = "<group>"; };
		07B4C65729EE805300E09E24 /* MainTabViewController.swift */ = {isa = PBXFileReference; lastKnownFileType = sourcecode.swift; path = MainTabViewController.swift; sourceTree = "<group>"; };
		07B4C65A29EE805300E09E24 /* Base */ = {isa = PBXFileReference; lastKnownFileType = file.storyboard; name = Base; path = Base.lproj/Main.storyboard; sourceTree = "<group>"; };
		07B4C65D29EE805300E09E24 /* farm2Seoul_frontend_ios.xcdatamodel */ = {isa = PBXFileReference; lastKnownFileType = wrapper.xcdatamodel; path = farm2Seoul_frontend_ios.xcdatamodel; sourceTree = "<group>"; };
		07B4C65F29EE805300E09E24 /* Assets.xcassets */ = {isa = PBXFileReference; lastKnownFileType = folder.assetcatalog; path = Assets.xcassets; sourceTree = "<group>"; };
		07B4C66229EE805300E09E24 /* Base */ = {isa = PBXFileReference; lastKnownFileType = file.storyboard; name = Base; path = Base.lproj/LaunchScreen.storyboard; sourceTree = "<group>"; };
		07B4C66429EE805300E09E24 /* Info.plist */ = {isa = PBXFileReference; lastKnownFileType = text.plist.xml; path = Info.plist; sourceTree = "<group>"; };
		07B4C66A29EE83D200E09E24 /* DailyAuctionViewController.swift */ = {isa = PBXFileReference; lastKnownFileType = sourcecode.swift; path = DailyAuctionViewController.swift; sourceTree = "<group>"; };
		07B4C66C29EE842E00E09E24 /* InfoBoardViewController.swift */ = {isa = PBXFileReference; lastKnownFileType = sourcecode.swift; path = InfoBoardViewController.swift; sourceTree = "<group>"; };
		07B4C66E29EE845B00E09E24 /* BookmarkViewController.swift */ = {isa = PBXFileReference; lastKnownFileType = sourcecode.swift; path = BookmarkViewController.swift; sourceTree = "<group>"; };
		07F4E84F29EFBFD700A70F2B /* DailyAuctionResponse.swift */ = {isa = PBXFileReference; lastKnownFileType = sourcecode.swift; path = DailyAuctionResponse.swift; sourceTree = "<group>"; };
		07F4E85129EFC22400A70F2B /* DailyAuctionCollectionViewCell.swift */ = {isa = PBXFileReference; lastKnownFileType = sourcecode.swift; path = DailyAuctionCollectionViewCell.swift; sourceTree = "<group>"; };
		07F4E85229EFC22400A70F2B /* DailyAuctionCollectionViewCell.xib */ = {isa = PBXFileReference; lastKnownFileType = file.xib; path = DailyAuctionCollectionViewCell.xib; sourceTree = "<group>"; };
		07F4E85529EFF8FD00A70F2B /* TODOLIST.swift */ = {isa = PBXFileReference; lastKnownFileType = sourcecode.swift; path = TODOLIST.swift; sourceTree = "<group>"; };
		648DF574E715156B7018A87A /* Pods-farm2Seoul-frontend-ios.debug.xcconfig */ = {isa = PBXFileReference; includeInIndex = 1; lastKnownFileType = text.xcconfig; name = "Pods-farm2Seoul-frontend-ios.debug.xcconfig"; path = "Target Support Files/Pods-farm2Seoul-frontend-ios/Pods-farm2Seoul-frontend-ios.debug.xcconfig"; sourceTree = "<group>"; };
		ED92C44E9F23F1013A5BC3DB /* Pods_farm2Seoul_frontend_ios.framework */ = {isa = PBXFileReference; explicitFileType = wrapper.framework; includeInIndex = 0; path = Pods_farm2Seoul_frontend_ios.framework; sourceTree = BUILT_PRODUCTS_DIR; };
		FDBE4ED4CE51AB2151E586A5 /* Pods-farm2Seoul-frontend-ios.release.xcconfig */ = {isa = PBXFileReference; includeInIndex = 1; lastKnownFileType = text.xcconfig; name = "Pods-farm2Seoul-frontend-ios.release.xcconfig"; path = "Target Support Files/Pods-farm2Seoul-frontend-ios/Pods-farm2Seoul-frontend-ios.release.xcconfig"; sourceTree = "<group>"; };
/* End PBXFileReference section */

/* Begin PBXFrameworksBuildPhase section */
		07B4C64D29EE805300E09E24 /* Frameworks */ = {
			isa = PBXFrameworksBuildPhase;
			buildActionMask = 2147483647;
			files = (
				8ED956544212C8D4D97D41D4 /* Pods_farm2Seoul_frontend_ios.framework in Frameworks */,
			);
			runOnlyForDeploymentPostprocessing = 0;
		};
/* End PBXFrameworksBuildPhase section */

/* Begin PBXGroup section */
		07B4C64729EE805300E09E24 = {
			isa = PBXGroup;
			children = (
				07B4C65229EE805300E09E24 /* farm2Seoul-frontend-ios */,
				07B4C65129EE805300E09E24 /* Products */,
				D463A56955AECAFF0AABB94A /* Pods */,
				D9D43FA213B691F1801E7E78 /* Frameworks */,
			);
			sourceTree = "<group>";
		};
		07B4C65129EE805300E09E24 /* Products */ = {
			isa = PBXGroup;
			children = (
				07B4C65029EE805300E09E24 /* farm2Seoul-frontend-ios.app */,
			);
			name = Products;
			sourceTree = "<group>";
		};
		07B4C65229EE805300E09E24 /* farm2Seoul-frontend-ios */ = {
			isa = PBXGroup;
			children = (
				07B4C65329EE805300E09E24 /* AppDelegate.swift */,
				07B4C65529EE805300E09E24 /* SceneDelegate.swift */,
				07B4C65729EE805300E09E24 /* MainTabViewController.swift */,
				07B4C65929EE805300E09E24 /* Main.storyboard */,
				07B4C65F29EE805300E09E24 /* Assets.xcassets */,
				07B4C66129EE805300E09E24 /* LaunchScreen.storyboard */,
				07B4C66429EE805300E09E24 /* Info.plist */,
				07B4C65C29EE805300E09E24 /* farm2Seoul_frontend_ios.xcdatamodeld */,
				07B4C66A29EE83D200E09E24 /* DailyAuctionViewController.swift */,
				07B4C66C29EE842E00E09E24 /* InfoBoardViewController.swift */,
				07B4C66E29EE845B00E09E24 /* BookmarkViewController.swift */,
				0770F9B829F7DFA60096BCAE /* WebKitViewController.swift */,
				0772430A29EEA80700BC9FB0 /* DetailInfoViewController.swift */,
				07F4E84F29EFBFD700A70F2B /* DailyAuctionResponse.swift */,
				07F4E85129EFC22400A70F2B /* DailyAuctionCollectionViewCell.swift */,
				07F4E85229EFC22400A70F2B /* DailyAuctionCollectionViewCell.xib */,
				07F4E85529EFF8FD00A70F2B /* TODOLIST.swift */,
				0770F9B429F7B1180096BCAE /* MarketCollectionViewCell.swift */,
				0770F9B529F7B1180096BCAE /* MarketCollectionViewCell.xib */,
				0770F9BA29F7EC150096BCAE /* AuctionTimeViewController.swift */,
				0770F9BC29F90EBB0096BCAE /* ThisWeekResponse.swift */,
			);
			path = "farm2Seoul-frontend-ios";
			sourceTree = "<group>";
		};
		D463A56955AECAFF0AABB94A /* Pods */ = {
			isa = PBXGroup;
			children = (
				648DF574E715156B7018A87A /* Pods-farm2Seoul-frontend-ios.debug.xcconfig */,
				FDBE4ED4CE51AB2151E586A5 /* Pods-farm2Seoul-frontend-ios.release.xcconfig */,
			);
			path = Pods;
			sourceTree = "<group>";
		};
		D9D43FA213B691F1801E7E78 /* Frameworks */ = {
			isa = PBXGroup;
			children = (
				ED92C44E9F23F1013A5BC3DB /* Pods_farm2Seoul_frontend_ios.framework */,
			);
			name = Frameworks;
			sourceTree = "<group>";
		};
/* End PBXGroup section */

/* Begin PBXNativeTarget section */
		07B4C64F29EE805300E09E24 /* farm2Seoul-frontend-ios */ = {
			isa = PBXNativeTarget;
			buildConfigurationList = 07B4C66729EE805300E09E24 /* Build configuration list for PBXNativeTarget "farm2Seoul-frontend-ios" */;
			buildPhases = (
				869FEB07BD6BD1257948079D /* [CP] Check Pods Manifest.lock */,
				07B4C64C29EE805300E09E24 /* Sources */,
				07B4C64D29EE805300E09E24 /* Frameworks */,
				07B4C64E29EE805300E09E24 /* Resources */,
				F7F7B5D120A099276E05328E /* [CP] Embed Pods Frameworks */,
			);
			buildRules = (
			);
			dependencies = (
			);
			name = "farm2Seoul-frontend-ios";
			productName = "farm2Seoul-frontend-ios";
			productReference = 07B4C65029EE805300E09E24 /* farm2Seoul-frontend-ios.app */;
			productType = "com.apple.product-type.application";
		};
/* End PBXNativeTarget section */

/* Begin PBXProject section */
		07B4C64829EE805300E09E24 /* Project object */ = {
			isa = PBXProject;
			attributes = {
				BuildIndependentTargetsInParallel = 1;
				LastSwiftUpdateCheck = 1410;
				LastUpgradeCheck = 1410;
				TargetAttributes = {
					07B4C64F29EE805300E09E24 = {
						CreatedOnToolsVersion = 14.1;
					};
				};
			};
			buildConfigurationList = 07B4C64B29EE805300E09E24 /* Build configuration list for PBXProject "farm2Seoul-frontend-ios" */;
			compatibilityVersion = "Xcode 14.0";
			developmentRegion = en;
			hasScannedForEncodings = 0;
			knownRegions = (
				en,
				Base,
			);
			mainGroup = 07B4C64729EE805300E09E24;
			productRefGroup = 07B4C65129EE805300E09E24 /* Products */;
			projectDirPath = "";
			projectRoot = "";
			targets = (
				07B4C64F29EE805300E09E24 /* farm2Seoul-frontend-ios */,
			);
		};
/* End PBXProject section */

/* Begin PBXResourcesBuildPhase section */
		07B4C64E29EE805300E09E24 /* Resources */ = {
			isa = PBXResourcesBuildPhase;
			buildActionMask = 2147483647;
			files = (
				07F4E85429EFC22400A70F2B /* DailyAuctionCollectionViewCell.xib in Resources */,
				07B4C66329EE805300E09E24 /* LaunchScreen.storyboard in Resources */,
				07B4C66029EE805300E09E24 /* Assets.xcassets in Resources */,
				0770F9B729F7B1180096BCAE /* MarketCollectionViewCell.xib in Resources */,
				07B4C65B29EE805300E09E24 /* Main.storyboard in Resources */,
			);
			runOnlyForDeploymentPostprocessing = 0;
		};
/* End PBXResourcesBuildPhase section */

/* Begin PBXShellScriptBuildPhase section */
		869FEB07BD6BD1257948079D /* [CP] Check Pods Manifest.lock */ = {
			isa = PBXShellScriptBuildPhase;
			buildActionMask = 2147483647;
			files = (
			);
			inputFileListPaths = (
			);
			inputPaths = (
				"${PODS_PODFILE_DIR_PATH}/Podfile.lock",
				"${PODS_ROOT}/Manifest.lock",
			);
			name = "[CP] Check Pods Manifest.lock";
			outputFileListPaths = (
			);
			outputPaths = (
				"$(DERIVED_FILE_DIR)/Pods-farm2Seoul-frontend-ios-checkManifestLockResult.txt",
			);
			runOnlyForDeploymentPostprocessing = 0;
			shellPath = /bin/sh;
			shellScript = "diff \"${PODS_PODFILE_DIR_PATH}/Podfile.lock\" \"${PODS_ROOT}/Manifest.lock\" > /dev/null\nif [ $? != 0 ] ; then\n    # print error to STDERR\n    echo \"error: The sandbox is not in sync with the Podfile.lock. Run 'pod install' or update your CocoaPods installation.\" >&2\n    exit 1\nfi\n# This output is used by Xcode 'outputs' to avoid re-running this script phase.\necho \"SUCCESS\" > \"${SCRIPT_OUTPUT_FILE_0}\"\n";
			showEnvVarsInLog = 0;
		};
		F7F7B5D120A099276E05328E /* [CP] Embed Pods Frameworks */ = {
			isa = PBXShellScriptBuildPhase;
			buildActionMask = 2147483647;
			files = (
			);
			inputFileListPaths = (
				"${PODS_ROOT}/Target Support Files/Pods-farm2Seoul-frontend-ios/Pods-farm2Seoul-frontend-ios-frameworks-${CONFIGURATION}-input-files.xcfilelist",
			);
			name = "[CP] Embed Pods Frameworks";
			outputFileListPaths = (
				"${PODS_ROOT}/Target Support Files/Pods-farm2Seoul-frontend-ios/Pods-farm2Seoul-frontend-ios-frameworks-${CONFIGURATION}-output-files.xcfilelist",
			);
			runOnlyForDeploymentPostprocessing = 0;
			shellPath = /bin/sh;
			shellScript = "\"${PODS_ROOT}/Target Support Files/Pods-farm2Seoul-frontend-ios/Pods-farm2Seoul-frontend-ios-frameworks.sh\"\n";
			showEnvVarsInLog = 0;
		};
/* End PBXShellScriptBuildPhase section */

/* Begin PBXSourcesBuildPhase section */
		07B4C64C29EE805300E09E24 /* Sources */ = {
			isa = PBXSourcesBuildPhase;
			buildActionMask = 2147483647;
			files = (
				0770F9BB29F7EC150096BCAE /* AuctionTimeViewController.swift in Sources */,
				0770F9BD29F90EBB0096BCAE /* ThisWeekResponse.swift in Sources */,
				07B4C65829EE805300E09E24 /* MainTabViewController.swift in Sources */,
				07B4C66D29EE842E00E09E24 /* InfoBoardViewController.swift in Sources */,
				07F4E85329EFC22400A70F2B /* DailyAuctionCollectionViewCell.swift in Sources */,
				07F4E85029EFBFD700A70F2B /* DailyAuctionResponse.swift in Sources */,
				07B4C66B29EE83D200E09E24 /* DailyAuctionViewController.swift in Sources */,
				07B4C66F29EE845B00E09E24 /* BookmarkViewController.swift in Sources */,
				0772430B29EEA80700BC9FB0 /* DetailInfoViewController.swift in Sources */,
				07B4C65E29EE805300E09E24 /* farm2Seoul_frontend_ios.xcdatamodeld in Sources */,
				07B4C65429EE805300E09E24 /* AppDelegate.swift in Sources */,
				0770F9B929F7DFA60096BCAE /* WebKitViewController.swift in Sources */,
				07F4E85629EFF8FD00A70F2B /* TODOLIST.swift in Sources */,
				0770F9B629F7B1180096BCAE /* MarketCollectionViewCell.swift in Sources */,
				07B4C65629EE805300E09E24 /* SceneDelegate.swift in Sources */,
			);
			runOnlyForDeploymentPostprocessing = 0;
		};
/* End PBXSourcesBuildPhase section */

/* Begin PBXVariantGroup section */
		07B4C65929EE805300E09E24 /* Main.storyboard */ = {
			isa = PBXVariantGroup;
			children = (
				07B4C65A29EE805300E09E24 /* Base */,
			);
			name = Main.storyboard;
			sourceTree = "<group>";
		};
		07B4C66129EE805300E09E24 /* LaunchScreen.storyboard */ = {
			isa = PBXVariantGroup;
			children = (
				07B4C66229EE805300E09E24 /* Base */,
			);
			name = LaunchScreen.storyboard;
			sourceTree = "<group>";
		};
/* End PBXVariantGroup section */

/* Begin XCBuildConfiguration section */
		07B4C66529EE805300E09E24 /* Debug */ = {
			isa = XCBuildConfiguration;
			buildSettings = {
				ALWAYS_SEARCH_USER_PATHS = NO;
				CLANG_ANALYZER_NONNULL = YES;
				CLANG_ANALYZER_NUMBER_OBJECT_CONVERSION = YES_AGGRESSIVE;
				CLANG_CXX_LANGUAGE_STANDARD = "gnu++20";
				CLANG_ENABLE_MODULES = YES;
				CLANG_ENABLE_OBJC_ARC = YES;
				CLANG_ENABLE_OBJC_WEAK = YES;
				CLANG_WARN_BLOCK_CAPTURE_AUTORELEASING = YES;
				CLANG_WARN_BOOL_CONVERSION = YES;
				CLANG_WARN_COMMA = YES;
				CLANG_WARN_CONSTANT_CONVERSION = YES;
				CLANG_WARN_DEPRECATED_OBJC_IMPLEMENTATIONS = YES;
				CLANG_WARN_DIRECT_OBJC_ISA_USAGE = YES_ERROR;
				CLANG_WARN_DOCUMENTATION_COMMENTS = YES;
				CLANG_WARN_EMPTY_BODY = YES;
				CLANG_WARN_ENUM_CONVERSION = YES;
				CLANG_WARN_INFINITE_RECURSION = YES;
				CLANG_WARN_INT_CONVERSION = YES;
				CLANG_WARN_NON_LITERAL_NULL_CONVERSION = YES;
				CLANG_WARN_OBJC_IMPLICIT_RETAIN_SELF = YES;
				CLANG_WARN_OBJC_LITERAL_CONVERSION = YES;
				CLANG_WARN_OBJC_ROOT_CLASS = YES_ERROR;
				CLANG_WARN_QUOTED_INCLUDE_IN_FRAMEWORK_HEADER = YES;
				CLANG_WARN_RANGE_LOOP_ANALYSIS = YES;
				CLANG_WARN_STRICT_PROTOTYPES = YES;
				CLANG_WARN_SUSPICIOUS_MOVE = YES;
				CLANG_WARN_UNGUARDED_AVAILABILITY = YES_AGGRESSIVE;
				CLANG_WARN_UNREACHABLE_CODE = YES;
				CLANG_WARN__DUPLICATE_METHOD_MATCH = YES;
				COPY_PHASE_STRIP = NO;
				DEBUG_INFORMATION_FORMAT = dwarf;
				ENABLE_STRICT_OBJC_MSGSEND = YES;
				ENABLE_TESTABILITY = YES;
				GCC_C_LANGUAGE_STANDARD = gnu11;
				GCC_DYNAMIC_NO_PIC = NO;
				GCC_NO_COMMON_BLOCKS = YES;
				GCC_OPTIMIZATION_LEVEL = 0;
				GCC_PREPROCESSOR_DEFINITIONS = (
					"DEBUG=1",
					"$(inherited)",
				);
				GCC_WARN_64_TO_32_BIT_CONVERSION = YES;
				GCC_WARN_ABOUT_RETURN_TYPE = YES_ERROR;
				GCC_WARN_UNDECLARED_SELECTOR = YES;
				GCC_WARN_UNINITIALIZED_AUTOS = YES_AGGRESSIVE;
				GCC_WARN_UNUSED_FUNCTION = YES;
				GCC_WARN_UNUSED_VARIABLE = YES;
				IPHONEOS_DEPLOYMENT_TARGET = 16.1;
				MTL_ENABLE_DEBUG_INFO = INCLUDE_SOURCE;
				MTL_FAST_MATH = YES;
				ONLY_ACTIVE_ARCH = YES;
				SDKROOT = iphoneos;
				SWIFT_ACTIVE_COMPILATION_CONDITIONS = DEBUG;
				SWIFT_OPTIMIZATION_LEVEL = "-Onone";
			};
			name = Debug;
		};
		07B4C66629EE805300E09E24 /* Release */ = {
			isa = XCBuildConfiguration;
			buildSettings = {
				ALWAYS_SEARCH_USER_PATHS = NO;
				CLANG_ANALYZER_NONNULL = YES;
				CLANG_ANALYZER_NUMBER_OBJECT_CONVERSION = YES_AGGRESSIVE;
				CLANG_CXX_LANGUAGE_STANDARD = "gnu++20";
				CLANG_ENABLE_MODULES = YES;
				CLANG_ENABLE_OBJC_ARC = YES;
				CLANG_ENABLE_OBJC_WEAK = YES;
				CLANG_WARN_BLOCK_CAPTURE_AUTORELEASING = YES;
				CLANG_WARN_BOOL_CONVERSION = YES;
				CLANG_WARN_COMMA = YES;
				CLANG_WARN_CONSTANT_CONVERSION = YES;
				CLANG_WARN_DEPRECATED_OBJC_IMPLEMENTATIONS = YES;
				CLANG_WARN_DIRECT_OBJC_ISA_USAGE = YES_ERROR;
				CLANG_WARN_DOCUMENTATION_COMMENTS = YES;
				CLANG_WARN_EMPTY_BODY = YES;
				CLANG_WARN_ENUM_CONVERSION = YES;
				CLANG_WARN_INFINITE_RECURSION = YES;
				CLANG_WARN_INT_CONVERSION = YES;
				CLANG_WARN_NON_LITERAL_NULL_CONVERSION = YES;
				CLANG_WARN_OBJC_IMPLICIT_RETAIN_SELF = YES;
				CLANG_WARN_OBJC_LITERAL_CONVERSION = YES;
				CLANG_WARN_OBJC_ROOT_CLASS = YES_ERROR;
				CLANG_WARN_QUOTED_INCLUDE_IN_FRAMEWORK_HEADER = YES;
				CLANG_WARN_RANGE_LOOP_ANALYSIS = YES;
				CLANG_WARN_STRICT_PROTOTYPES = YES;
				CLANG_WARN_SUSPICIOUS_MOVE = YES;
				CLANG_WARN_UNGUARDED_AVAILABILITY = YES_AGGRESSIVE;
				CLANG_WARN_UNREACHABLE_CODE = YES;
				CLANG_WARN__DUPLICATE_METHOD_MATCH = YES;
				COPY_PHASE_STRIP = NO;
				DEBUG_INFORMATION_FORMAT = "dwarf-with-dsym";
				ENABLE_NS_ASSERTIONS = NO;
				ENABLE_STRICT_OBJC_MSGSEND = YES;
				GCC_C_LANGUAGE_STANDARD = gnu11;
				GCC_NO_COMMON_BLOCKS = YES;
				GCC_WARN_64_TO_32_BIT_CONVERSION = YES;
				GCC_WARN_ABOUT_RETURN_TYPE = YES_ERROR;
				GCC_WARN_UNDECLARED_SELECTOR = YES;
				GCC_WARN_UNINITIALIZED_AUTOS = YES_AGGRESSIVE;
				GCC_WARN_UNUSED_FUNCTION = YES;
				GCC_WARN_UNUSED_VARIABLE = YES;
				IPHONEOS_DEPLOYMENT_TARGET = 16.1;
				MTL_ENABLE_DEBUG_INFO = NO;
				MTL_FAST_MATH = YES;
				SDKROOT = iphoneos;
				SWIFT_COMPILATION_MODE = wholemodule;
				SWIFT_OPTIMIZATION_LEVEL = "-O";
				VALIDATE_PRODUCT = YES;
			};
			name = Release;
		};
		07B4C66829EE805300E09E24 /* Debug */ = {
			isa = XCBuildConfiguration;
			baseConfigurationReference = 648DF574E715156B7018A87A /* Pods-farm2Seoul-frontend-ios.debug.xcconfig */;
			buildSettings = {
				ASSETCATALOG_COMPILER_APPICON_NAME = AppIcon;
				ASSETCATALOG_COMPILER_GLOBAL_ACCENT_COLOR_NAME = AccentColor;
				CODE_SIGN_STYLE = Automatic;
				CURRENT_PROJECT_VERSION = 1;
				DEVELOPMENT_TEAM = M8NBY6RTGH;
				GENERATE_INFOPLIST_FILE = YES;
				INFOPLIST_FILE = "farm2Seoul-frontend-ios/Info.plist";
				INFOPLIST_KEY_UIApplicationSupportsIndirectInputEvents = YES;
				INFOPLIST_KEY_UILaunchStoryboardName = LaunchScreen;
				INFOPLIST_KEY_UIMainStoryboardFile = Main;
				INFOPLIST_KEY_UISupportedInterfaceOrientations_iPad = "UIInterfaceOrientationPortrait UIInterfaceOrientationPortraitUpsideDown UIInterfaceOrientationLandscapeLeft UIInterfaceOrientationLandscapeRight";
				INFOPLIST_KEY_UISupportedInterfaceOrientations_iPhone = "UIInterfaceOrientationPortrait UIInterfaceOrientationLandscapeLeft UIInterfaceOrientationLandscapeRight";
				IPHONEOS_DEPLOYMENT_TARGET = 13.0;
				LD_RUNPATH_SEARCH_PATHS = (
					"$(inherited)",
					"@executable_path/Frameworks",
				);
				MARKETING_VERSION = 1.0;
				PRODUCT_BUNDLE_IDENTIFIER = "bhyn.farm2Seoul-frontend-ios";
				PRODUCT_NAME = "$(TARGET_NAME)";
				SUPPORTED_PLATFORMS = "iphoneos iphonesimulator";
				SUPPORTS_MACCATALYST = NO;
				SUPPORTS_MAC_DESIGNED_FOR_IPHONE_IPAD = NO;
				SWIFT_EMIT_LOC_STRINGS = YES;
				SWIFT_VERSION = 5.0;
				TARGETED_DEVICE_FAMILY = 1;
			};
			name = Debug;
		};
		07B4C66929EE805300E09E24 /* Release */ = {
			isa = XCBuildConfiguration;
			baseConfigurationReference = FDBE4ED4CE51AB2151E586A5 /* Pods-farm2Seoul-frontend-ios.release.xcconfig */;
			buildSettings = {
				ASSETCATALOG_COMPILER_APPICON_NAME = AppIcon;
				ASSETCATALOG_COMPILER_GLOBAL_ACCENT_COLOR_NAME = AccentColor;
				CODE_SIGN_STYLE = Automatic;
				CURRENT_PROJECT_VERSION = 1;
				DEVELOPMENT_TEAM = M8NBY6RTGH;
				GENERATE_INFOPLIST_FILE = YES;
				INFOPLIST_FILE = "farm2Seoul-frontend-ios/Info.plist";
				INFOPLIST_KEY_UIApplicationSupportsIndirectInputEvents = YES;
				INFOPLIST_KEY_UILaunchStoryboardName = LaunchScreen;
				INFOPLIST_KEY_UIMainStoryboardFile = Main;
				INFOPLIST_KEY_UISupportedInterfaceOrientations_iPad = "UIInterfaceOrientationPortrait UIInterfaceOrientationPortraitUpsideDown UIInterfaceOrientationLandscapeLeft UIInterfaceOrientationLandscapeRight";
				INFOPLIST_KEY_UISupportedInterfaceOrientations_iPhone = "UIInterfaceOrientationPortrait UIInterfaceOrientationLandscapeLeft UIInterfaceOrientationLandscapeRight";
				IPHONEOS_DEPLOYMENT_TARGET = 13.0;
				LD_RUNPATH_SEARCH_PATHS = (
					"$(inherited)",
					"@executable_path/Frameworks",
				);
				MARKETING_VERSION = 1.0;
				PRODUCT_BUNDLE_IDENTIFIER = "bhyn.farm2Seoul-frontend-ios";
				PRODUCT_NAME = "$(TARGET_NAME)";
				SUPPORTED_PLATFORMS = "iphoneos iphonesimulator";
				SUPPORTS_MACCATALYST = NO;
				SUPPORTS_MAC_DESIGNED_FOR_IPHONE_IPAD = NO;
				SWIFT_EMIT_LOC_STRINGS = YES;
				SWIFT_VERSION = 5.0;
				TARGETED_DEVICE_FAMILY = 1;
			};
			name = Release;
		};
/* End XCBuildConfiguration section */

/* Begin XCConfigurationList section */
		07B4C64B29EE805300E09E24 /* Build configuration list for PBXProject "farm2Seoul-frontend-ios" */ = {
			isa = XCConfigurationList;
			buildConfigurations = (
				07B4C66529EE805300E09E24 /* Debug */,
				07B4C66629EE805300E09E24 /* Release */,
			);
			defaultConfigurationIsVisible = 0;
			defaultConfigurationName = Release;
		};
		07B4C66729EE805300E09E24 /* Build configuration list for PBXNativeTarget "farm2Seoul-frontend-ios" */ = {
			isa = XCConfigurationList;
			buildConfigurations = (
				07B4C66829EE805300E09E24 /* Debug */,
				07B4C66929EE805300E09E24 /* Release */,
			);
			defaultConfigurationIsVisible = 0;
			defaultConfigurationName = Release;
		};
/* End XCConfigurationList section */

/* Begin XCVersionGroup section */
		07B4C65C29EE805300E09E24 /* farm2Seoul_frontend_ios.xcdatamodeld */ = {
			isa = XCVersionGroup;
			children = (
				07B4C65D29EE805300E09E24 /* farm2Seoul_frontend_ios.xcdatamodel */,
			);
			currentVersion = 07B4C65D29EE805300E09E24 /* farm2Seoul_frontend_ios.xcdatamodel */;
			path = farm2Seoul_frontend_ios.xcdatamodeld;
			sourceTree = "<group>";
			versionGroupType = wrapper.xcdatamodel;
		};
/* End XCVersionGroup section */
	};
	rootObject = 07B4C64829EE805300E09E24 /* Project object */;
}
